
Microsoft Visual Studio Solution File, Format Version 10.00
# Visual Studio 2008
Project("{FAE04EC0-301F-11D3-BF4B-00C04F79EFBC}") = "Views", "Views\Views.csproj", "{0D986191-8BA2-473F-9659-43A545D0594B}"
EndProject
Project("{FAE04EC0-301F-11D3-BF4B-00C04F79EFBC}") = "Models", "Models\Models.csproj", "{C56BF470-8394-49EB-8D73-75A94EFB42CA}"
EndProject
Project("{9344bdbb-3e7f-41fc-a0dd-8665d75ee146}") = "Translation", "Translation\Translation.mdproj", "{94530A39-8ABC-474D-ADBB-7A4CEF067906}"
EndProject
Project("{FAE04EC0-301F-11D3-BF4B-00C04F79EFBC}") = "Reports", "Reports\Reports.csproj", "{5FA4C9E1-0353-4D26-B2B8-E0028C4EB788}"
EndProject
Project("{FAE04EC0-301F-11D3-BF4B-00C04F79EFBC}") = "AODL", "AODL\AODL.csproj", "{89E926D3-3471-47C8-8D34-01FF2AF72F71}"
EndProject
Project("{FAE04EC0-301F-11D3-BF4B-00C04F79EFBC}") = "AODL.pdf.exporter", "AODL.pdf.exporter\AODL.pdf.exporter.csproj", "{6C536DE8-180D-4278-AB43-C5C4882E41F5}"
EndProject
Project("{FAE04EC0-301F-11D3-BF4B-00C04F79EFBC}") = "HumanRightsTracker", "HumanRightsTracker\HumanRightsTracker.csproj", "{583E9FFC-F2E7-4195-A213-CA5538F750CA}"
EndProject
Project("{9344bdbb-3e7f-41fc-a0dd-8665d75ee146}") = "Packages", "Packages.mdproj", "{CBC26465-827A-4B34-9D0C-13C9F72A9A44}"
EndProject
Project("{FAE04EC0-301F-11D3-BF4B-00C04F79EFBC}") = "DataBase", "DataBase\DataBase.csproj", "{284B31C0-539B-410C-B184-42B4A65BB561}"
EndProject
Project("{FAE04EC0-301F-11D3-BF4B-00C04F79EFBC}") = "MonoSqlite", "MonoSqlite\MonoSqlite.csproj", "{CC202734-40DF-4A54-96ED-EEC8B2E36F9E}"
EndProject
Global
	GlobalSection(SolutionConfigurationPlatforms) = preSolution
		Debug|x86 = Debug|x86
		Release|x86 = Release|x86
		Windows|Any CPU = Windows|Any CPU
		Windows|x86 = Windows|x86
	EndGlobalSection
	GlobalSection(ProjectConfigurationPlatforms) = postSolution
		{0D986191-8BA2-473F-9659-43A545D0594B}.Debug|x86.ActiveCfg = Debug|Any CPU
		{0D986191-8BA2-473F-9659-43A545D0594B}.Debug|x86.Build.0 = Debug|Any CPU
		{0D986191-8BA2-473F-9659-43A545D0594B}.Release|x86.ActiveCfg = Release|Any CPU
		{0D986191-8BA2-473F-9659-43A545D0594B}.Release|x86.Build.0 = Release|Any CPU
		{0D986191-8BA2-473F-9659-43A545D0594B}.Windows|Any CPU.ActiveCfg = Windows|Any CPU
		{0D986191-8BA2-473F-9659-43A545D0594B}.Windows|Any CPU.Build.0 = Windows|Any CPU
		{0D986191-8BA2-473F-9659-43A545D0594B}.Windows|x86.ActiveCfg = Windows|x86
		{0D986191-8BA2-473F-9659-43A545D0594B}.Windows|x86.Build.0 = Windows|x86
		{284B31C0-539B-410C-B184-42B4A65BB561}.Debug|x86.ActiveCfg = Debug|Any CPU
		{284B31C0-539B-410C-B184-42B4A65BB561}.Debug|x86.Build.0 = Debug|Any CPU
		{284B31C0-539B-410C-B184-42B4A65BB561}.Release|x86.ActiveCfg = Release|Any CPU
		{284B31C0-539B-410C-B184-42B4A65BB561}.Release|x86.Build.0 = Release|Any CPU
		{284B31C0-539B-410C-B184-42B4A65BB561}.Windows|Any CPU.ActiveCfg = Debug|Any CPU
		{284B31C0-539B-410C-B184-42B4A65BB561}.Windows|Any CPU.Build.0 = Debug|Any CPU
		{284B31C0-539B-410C-B184-42B4A65BB561}.Windows|x86.ActiveCfg = Debug|Any CPU
		{284B31C0-539B-410C-B184-42B4A65BB561}.Windows|x86.Build.0 = Debug|Any CPU
		{583E9FFC-F2E7-4195-A213-CA5538F750CA}.Debug|x86.ActiveCfg = Debug|Any CPU
		{583E9FFC-F2E7-4195-A213-CA5538F750CA}.Debug|x86.Build.0 = Debug|Any CPU
		{583E9FFC-F2E7-4195-A213-CA5538F750CA}.Release|x86.ActiveCfg = Release|Any CPU
		{583E9FFC-F2E7-4195-A213-CA5538F750CA}.Release|x86.Build.0 = Release|Any CPU
		{583E9FFC-F2E7-4195-A213-CA5538F750CA}.Windows|Any CPU.ActiveCfg = Windows|Any CPU
		{583E9FFC-F2E7-4195-A213-CA5538F750CA}.Windows|Any CPU.Build.0 = Windows|Any CPU
		{583E9FFC-F2E7-4195-A213-CA5538F750CA}.Windows|x86.ActiveCfg = Windows|x86
		{583E9FFC-F2E7-4195-A213-CA5538F750CA}.Windows|x86.Build.0 = Windows|x86
		{5FA4C9E1-0353-4D26-B2B8-E0028C4EB788}.Debug|x86.ActiveCfg = Debug|Any CPU
		{5FA4C9E1-0353-4D26-B2B8-E0028C4EB788}.Debug|x86.Build.0 = Debug|Any CPU
		{5FA4C9E1-0353-4D26-B2B8-E0028C4EB788}.Release|x86.ActiveCfg = Release|Any CPU
		{5FA4C9E1-0353-4D26-B2B8-E0028C4EB788}.Release|x86.Build.0 = Release|Any CPU
		{5FA4C9E1-0353-4D26-B2B8-E0028C4EB788}.Windows|Any CPU.ActiveCfg = Windows|Any CPU
		{5FA4C9E1-0353-4D26-B2B8-E0028C4EB788}.Windows|Any CPU.Build.0 = Windows|Any CPU
		{5FA4C9E1-0353-4D26-B2B8-E0028C4EB788}.Windows|x86.ActiveCfg = Windows|x86
		{5FA4C9E1-0353-4D26-B2B8-E0028C4EB788}.Windows|x86.Build.0 = Windows|x86
		{6C536DE8-180D-4278-AB43-C5C4882E41F5}.Debug|x86.ActiveCfg = Debug|Any CPU
		{6C536DE8-180D-4278-AB43-C5C4882E41F5}.Debug|x86.Build.0 = Debug|Any CPU
		{6C536DE8-180D-4278-AB43-C5C4882E41F5}.Release|x86.ActiveCfg = Release|Any CPU
		{6C536DE8-180D-4278-AB43-C5C4882E41F5}.Release|x86.Build.0 = Release|Any CPU
		{6C536DE8-180D-4278-AB43-C5C4882E41F5}.Windows|Any CPU.ActiveCfg = Windows|Any CPU
		{6C536DE8-180D-4278-AB43-C5C4882E41F5}.Windows|Any CPU.Build.0 = Windows|Any CPU
		{6C536DE8-180D-4278-AB43-C5C4882E41F5}.Windows|x86.ActiveCfg = Windows|x86
		{6C536DE8-180D-4278-AB43-C5C4882E41F5}.Windows|x86.Build.0 = Windows|x86
		{89E926D3-3471-47C8-8D34-01FF2AF72F71}.Debug|x86.ActiveCfg = Debug|Any CPU
		{89E926D3-3471-47C8-8D34-01FF2AF72F71}.Debug|x86.Build.0 = Debug|Any CPU
		{89E926D3-3471-47C8-8D34-01FF2AF72F71}.Release|x86.ActiveCfg = Release|Any CPU
		{89E926D3-3471-47C8-8D34-01FF2AF72F71}.Release|x86.Build.0 = Release|Any CPU
		{89E926D3-3471-47C8-8D34-01FF2AF72F71}.Windows|Any CPU.ActiveCfg = Windows|Any CPU
		{89E926D3-3471-47C8-8D34-01FF2AF72F71}.Windows|Any CPU.Build.0 = Windows|Any CPU
		{89E926D3-3471-47C8-8D34-01FF2AF72F71}.Windows|x86.ActiveCfg = Windows|x86
		{89E926D3-3471-47C8-8D34-01FF2AF72F71}.Windows|x86.Build.0 = Windows|x86
		{94530A39-8ABC-474D-ADBB-7A4CEF067906}.Debug|x86.ActiveCfg = Debug|Any CPU
		{94530A39-8ABC-474D-ADBB-7A4CEF067906}.Debug|x86.Build.0 = Debug|Any CPU
		{94530A39-8ABC-474D-ADBB-7A4CEF067906}.Release|x86.ActiveCfg = Release|Any CPU
		{94530A39-8ABC-474D-ADBB-7A4CEF067906}.Release|x86.Build.0 = Release|Any CPU
		{94530A39-8ABC-474D-ADBB-7A4CEF067906}.Windows|Any CPU.ActiveCfg = Windows|Any CPU
		{94530A39-8ABC-474D-ADBB-7A4CEF067906}.Windows|Any CPU.Build.0 = Windows|Any CPU
		{94530A39-8ABC-474D-ADBB-7A4CEF067906}.Windows|x86.ActiveCfg = Windows|x86
		{94530A39-8ABC-474D-ADBB-7A4CEF067906}.Windows|x86.Build.0 = Windows|x86
		{C56BF470-8394-49EB-8D73-75A94EFB42CA}.Debug|x86.ActiveCfg = Debug|Any CPU
		{C56BF470-8394-49EB-8D73-75A94EFB42CA}.Debug|x86.Build.0 = Debug|Any CPU
		{C56BF470-8394-49EB-8D73-75A94EFB42CA}.Release|x86.ActiveCfg = Release|Any CPU
		{C56BF470-8394-49EB-8D73-75A94EFB42CA}.Release|x86.Build.0 = Release|Any CPU
		{C56BF470-8394-49EB-8D73-75A94EFB42CA}.Windows|Any CPU.ActiveCfg = Windows|Any CPU
		{C56BF470-8394-49EB-8D73-75A94EFB42CA}.Windows|Any CPU.Build.0 = Windows|Any CPU
		{C56BF470-8394-49EB-8D73-75A94EFB42CA}.Windows|x86.ActiveCfg = Windows|x86
		{C56BF470-8394-49EB-8D73-75A94EFB42CA}.Windows|x86.Build.0 = Windows|x86
		{CBC26465-827A-4B34-9D0C-13C9F72A9A44}.Debug|x86.ActiveCfg = Debug|Any CPU
		{CBC26465-827A-4B34-9D0C-13C9F72A9A44}.Release|x86.ActiveCfg = Release|Any CPU
		{CBC26465-827A-4B34-9D0C-13C9F72A9A44}.Windows|Any CPU.ActiveCfg = Windows|Any CPU
		{CBC26465-827A-4B34-9D0C-13C9F72A9A44}.Windows|x86.ActiveCfg = Windows|Any CPU
		{CC202734-40DF-4A54-96ED-EEC8B2E36F9E}.Debug|x86.ActiveCfg = Debug|Any CPU
		{CC202734-40DF-4A54-96ED-EEC8B2E36F9E}.Debug|x86.Build.0 = Debug|Any CPU
		{CC202734-40DF-4A54-96ED-EEC8B2E36F9E}.Release|x86.ActiveCfg = Release|Any CPU
		{CC202734-40DF-4A54-96ED-EEC8B2E36F9E}.Release|x86.Build.0 = Release|Any CPU
		{CC202734-40DF-4A54-96ED-EEC8B2E36F9E}.Windows|Any CPU.ActiveCfg = Debug|Any CPU
		{CC202734-40DF-4A54-96ED-EEC8B2E36F9E}.Windows|Any CPU.Build.0 = Debug|Any CPU
		{CC202734-40DF-4A54-96ED-EEC8B2E36F9E}.Windows|x86.ActiveCfg = Debug|Any CPU
		{CC202734-40DF-4A54-96ED-EEC8B2E36F9E}.Windows|x86.Build.0 = Debug|Any CPU
	EndGlobalSection
	GlobalSection(MonoDevelopProperties) = preSolution
		StartupItem = HumanRightsTracker\HumanRightsTracker.csproj
		Policies = $0
		$0.DotNetNamingPolicy = $1
		$1.DirectoryNamespaceAssociation = None
		$1.ResourceNamePolicy = FileFormatDefault
		$0.TextStylePolicy = $2
		$2.FileWidth = 120
		$2.NoTabsAfterNonTabs = True
		$2.RemoveTrailingWhitespace = True
		$2.inheritsSet = VisualStudio
		$2.inheritsScope = text/plain
		$2.scope = text/plain
		$0.TextStylePolicy = $3
		$3.inheritsSet = null
		$3.scope = text/x-csharp
		$0.CSharpFormattingPolicy = $4
		$4.inheritsSet = Mono
		$4.inheritsScope = text/x-csharp
		$4.scope = text/x-csharp
		$0.TextStylePolicy = $5
		$5.inheritsSet = null
		$5.scope = application/xml
		$0.XmlFormattingPolicy = $6
		$6.inheritsSet = Mono
		$6.inheritsScope = application/xml
		$6.scope = application/xml
		$0.StandardHeader = $7
		$7.Text = 
		$7.IncludeInNewFiles = True
		outputpath = tmp\HumanRightsTracker\build\bin
	EndGlobalSection
EndGlobal
